
Microsoft Visual Studio Solution File, Format Version 12.00
# Visual Studio Version 17
VisualStudioVersion = 17.10.34928.147
MinimumVisualStudioVersion = 10.0.40219.1
Project("{FAE04EC0-301F-11D3-BF4B-00C04F79EFBC}") = "Checking_Logger_Checking_Singleton", "Checking_Logger_Checking_Singleton.csproj", "{BFD19147-5C0D-4EAF-9068-424CEEB269FD}"
EndProject
Global
	GlobalSection(SolutionConfigurationPlatforms) = preSolution
		Debug|Any CPU = Debug|Any CPU
		Release|Any CPU = Release|Any CPU
	EndGlobalSection
	GlobalSection(ProjectConfigurationPlatforms) = postSolution
		{BFD19147-5C0D-4EAF-9068-424CEEB269FD}.Debug|Any CPU.ActiveCfg = Debug|Any CPU
		{BFD19147-5C0D-4EAF-9068-424CEEB269FD}.Debug|Any CPU.Build.0 = Debug|Any CPU
		{BFD19147-5C0D-4EAF-9068-424CEEB269FD}.Release|Any CPU.ActiveCfg = Release|Any CPU
		{BFD19147-5C0D-4EAF-9068-424CEEB269FD}.Release|Any CPU.Build.0 = Release|Any CPU
	EndGlobalSection
	GlobalSection(SolutionProperties) = preSolution
		HideSolutionNode = FALSE
	EndGlobalSection
	GlobalSection(ExtensibilityGlobals) = postSolution
		SolutionGuid = {28E7EC0E-D7A8-4701-AFED-FF8949DFB160}
	EndGlobalSection
EndGlobal
